
Microsoft Visual Studio Solution File, Format Version 12.00
#
Project("{2150E333-8FDC-42A3-9474-1A3956D46DE8}") = "services", "services", "{1D4447C9-B73F-4590-AB1D-F9C9834FE738}"
	ProjectSection(SolutionItems) = preProject
		Services\PostService\obj\Debug\net8.0\.NETCoreApp,Version = v8.0.AssemblyAttributes.cs = Services\PostService\obj\Debug\net8.0\.NETCoreApp,Version=v8.0.AssemblyAttributes.cs
	EndProjectSection
EndProject
Project("{FAE04EC0-301F-11D3-BF4B-00C04F79EFBC}") = "UserAuthService", "Services\UserAuthService\UserAuthService.csproj", "{12D73B52-A2BC-468B-9F8D-0DCFCB5C3028}"
EndProject
Project("{FAE04EC0-301F-11D3-BF4B-00C04F79EFBC}") = "UserAuthService.Tests", "Services\Tests\UserAuthService.Tests\UserAuthService.Tests.csproj", "{95890EE9-7B63-40A5-8079-CDEB29BA8F04}"
EndProject
Project("{2150E333-8FDC-42A3-9474-1A3956D46DE8}") = "Tests", "Tests", "{AB83FBD6-20F7-4734-BA4D-7DE17705DAA3}"
EndProject
Project("{2150E333-8FDC-42A3-9474-1A3956D46DE8}") = "Shared", "Shared", "{E69961BE-2220-43B8-B405-1AFBDCE14C15}"
EndProject
Project("{FAE04EC0-301F-11D3-BF4B-00C04F79EFBC}") = "UserDataService", "Services\UserDataService\UserDataService.csproj", "{E2B4A2FB-A17B-47DA-812D-74DCC0C9B978}"
EndProject
Project("{FAE04EC0-301F-11D3-BF4B-00C04F79EFBC}") = "Models", "Services\Shared\Models\Models.csproj", "{EB8D38E8-6014-4B9B-AFD0-3A435A37CA81}"
EndProject
Project("{FAE04EC0-301F-11D3-BF4B-00C04F79EFBC}") = "UserDataService.Tests", "Services\Tests\UserDataService.Tests\UserDataService.Tests.csproj", "{15E2904F-C8BB-46B5-8E51-7AE8E1992C1F}"
EndProject
Project("{FAE04EC0-301F-11D3-BF4B-00C04F79EFBC}") = "UserTagService", "Services\UserTagService\UserTagService.csproj", "{AA772898-3481-4882-8F0A-7A799A775DBE}"
EndProject
Project("{FAE04EC0-301F-11D3-BF4B-00C04F79EFBC}") = "UserTagService.Tests", "UserTagService.Tests\UserTagService.Tests.csproj", "{DFACE89C-2850-4AFA-B8C1-11D68BD2A6BB}"
EndProject
Project("{FAE04EC0-301F-11D3-BF4B-00C04F79EFBC}") = "MediaService", "Services\MediaService\MediaService.csproj", "{C292C06B-DCED-4B88-9163-69C15E5CD37D}"
EndProject
Project("{FAE04EC0-301F-11D3-BF4B-00C04F79EFBC}") = "PostService", "Services\PostService\PostService.csproj", "{F7882A1E-18A4-4F98-BE06-E3D1F4CFD487}"
EndProject
Project("{FAE04EC0-301F-11D3-BF4B-00C04F79EFBC}") = "TagService", "Services\TagService\TagService.csproj", "{75C58C5C-62C9-4EF5-A13C-2C7E3F0743E3}"
EndProject
Project("{FAE04EC0-301F-11D3-BF4B-00C04F79EFBC}") = "DTOs", "Services\Shared\DTOs\DTOs.csproj", "{D718B372-27CE-4A0F-ACA9-A468FE105BA6}"
EndProject
Project("{FAE04EC0-301F-11D3-BF4B-00C04F79EFBC}") = "Common", "Services\Shared\Common\Common.csproj", "{0DDACCAC-FF47-454C-B55D-5D40A067205E}"
EndProject
Project("{FAE04EC0-301F-11D3-BF4B-00C04F79EFBC}") = "Services", "Services\Shared\Services\Services.csproj", "{CBDC7F7F-B12C-4542-BD36-878919CA41B1}"
EndProject
Project("{FAE04EC0-301F-11D3-BF4B-00C04F79EFBC}") = "MediaService.Test", "Services\Tests\MediaService.Test\MediaService.Test.csproj", "{3C1AD642-2E05-43B8-B72C-5BE7BED996E4}"
EndProject
Project("{FAE04EC0-301F-11D3-BF4B-00C04F79EFBC}") = "PostService.Tests", "Services\Tests\PostService.Tests\PostService.Tests.csproj", "{C93F6C21-8233-4B82-9F9A-6706AE205794}"
EndProject
Project("{FAE04EC0-301F-11D3-BF4B-00C04F79EFBC}") = "SignalRService.Tests", "Services\Tests\SignalRService.Tests\SignalRService.Tests.csproj", "{4945CF66-1AFE-4881-A17F-9E084AC3091D}"
EndProject
Project("{FAE04EC0-301F-11D3-BF4B-00C04F79EFBC}") = "TagService.Test", "Services\Tests\TagService.Test\TagService.Test.csproj", "{848DDE97-D8D2-4114-8AD6-A8F4EF0A81E9}"
EndProject
Global
	GlobalSection(SolutionConfigurationPlatforms) = preSolution
		Debug|Any CPU = Debug|Any CPU
		Release|Any CPU = Release|Any CPU
	EndGlobalSection
	GlobalSection(ProjectConfigurationPlatforms) = postSolution
		{12D73B52-A2BC-468B-9F8D-0DCFCB5C3028}.Debug|Any CPU.ActiveCfg = Debug|Any CPU
		{12D73B52-A2BC-468B-9F8D-0DCFCB5C3028}.Debug|Any CPU.Build.0 = Debug|Any CPU
		{12D73B52-A2BC-468B-9F8D-0DCFCB5C3028}.Release|Any CPU.ActiveCfg = Release|Any CPU
		{12D73B52-A2BC-468B-9F8D-0DCFCB5C3028}.Release|Any CPU.Build.0 = Release|Any CPU
		{95890EE9-7B63-40A5-8079-CDEB29BA8F04}.Debug|Any CPU.ActiveCfg = Debug|Any CPU
		{95890EE9-7B63-40A5-8079-CDEB29BA8F04}.Debug|Any CPU.Build.0 = Debug|Any CPU
		{95890EE9-7B63-40A5-8079-CDEB29BA8F04}.Release|Any CPU.ActiveCfg = Release|Any CPU
		{95890EE9-7B63-40A5-8079-CDEB29BA8F04}.Release|Any CPU.Build.0 = Release|Any CPU
		{E2B4A2FB-A17B-47DA-812D-74DCC0C9B978}.Debug|Any CPU.ActiveCfg = Debug|Any CPU
		{E2B4A2FB-A17B-47DA-812D-74DCC0C9B978}.Debug|Any CPU.Build.0 = Debug|Any CPU
		{E2B4A2FB-A17B-47DA-812D-74DCC0C9B978}.Release|Any CPU.ActiveCfg = Release|Any CPU
		{E2B4A2FB-A17B-47DA-812D-74DCC0C9B978}.Release|Any CPU.Build.0 = Release|Any CPU
		{EB8D38E8-6014-4B9B-AFD0-3A435A37CA81}.Debug|Any CPU.ActiveCfg = Debug|Any CPU
		{EB8D38E8-6014-4B9B-AFD0-3A435A37CA81}.Debug|Any CPU.Build.0 = Debug|Any CPU
		{EB8D38E8-6014-4B9B-AFD0-3A435A37CA81}.Release|Any CPU.ActiveCfg = Release|Any CPU
		{EB8D38E8-6014-4B9B-AFD0-3A435A37CA81}.Release|Any CPU.Build.0 = Release|Any CPU
		{15E2904F-C8BB-46B5-8E51-7AE8E1992C1F}.Debug|Any CPU.ActiveCfg = Debug|Any CPU
		{15E2904F-C8BB-46B5-8E51-7AE8E1992C1F}.Debug|Any CPU.Build.0 = Debug|Any CPU
		{15E2904F-C8BB-46B5-8E51-7AE8E1992C1F}.Release|Any CPU.ActiveCfg = Release|Any CPU
		{15E2904F-C8BB-46B5-8E51-7AE8E1992C1F}.Release|Any CPU.Build.0 = Release|Any CPU
		{AA772898-3481-4882-8F0A-7A799A775DBE}.Debug|Any CPU.ActiveCfg = Debug|Any CPU
		{AA772898-3481-4882-8F0A-7A799A775DBE}.Debug|Any CPU.Build.0 = Debug|Any CPU
		{AA772898-3481-4882-8F0A-7A799A775DBE}.Release|Any CPU.ActiveCfg = Release|Any CPU
		{AA772898-3481-4882-8F0A-7A799A775DBE}.Release|Any CPU.Build.0 = Release|Any CPU
		{DFACE89C-2850-4AFA-B8C1-11D68BD2A6BB}.Debug|Any CPU.ActiveCfg = Debug|Any CPU
		{DFACE89C-2850-4AFA-B8C1-11D68BD2A6BB}.Debug|Any CPU.Build.0 = Debug|Any CPU
		{DFACE89C-2850-4AFA-B8C1-11D68BD2A6BB}.Release|Any CPU.ActiveCfg = Release|Any CPU
		{DFACE89C-2850-4AFA-B8C1-11D68BD2A6BB}.Release|Any CPU.Build.0 = Release|Any CPU
		{C292C06B-DCED-4B88-9163-69C15E5CD37D}.Debug|Any CPU.ActiveCfg = Debug|Any CPU
		{C292C06B-DCED-4B88-9163-69C15E5CD37D}.Debug|Any CPU.Build.0 = Debug|Any CPU
		{C292C06B-DCED-4B88-9163-69C15E5CD37D}.Release|Any CPU.ActiveCfg = Release|Any CPU
		{C292C06B-DCED-4B88-9163-69C15E5CD37D}.Release|Any CPU.Build.0 = Release|Any CPU
		{F7882A1E-18A4-4F98-BE06-E3D1F4CFD487}.Debug|Any CPU.ActiveCfg = Debug|Any CPU
		{F7882A1E-18A4-4F98-BE06-E3D1F4CFD487}.Debug|Any CPU.Build.0 = Debug|Any CPU
		{F7882A1E-18A4-4F98-BE06-E3D1F4CFD487}.Release|Any CPU.ActiveCfg = Release|Any CPU
		{F7882A1E-18A4-4F98-BE06-E3D1F4CFD487}.Release|Any CPU.Build.0 = Release|Any CPU
		{75C58C5C-62C9-4EF5-A13C-2C7E3F0743E3}.Debug|Any CPU.ActiveCfg = Debug|Any CPU
		{75C58C5C-62C9-4EF5-A13C-2C7E3F0743E3}.Debug|Any CPU.Build.0 = Debug|Any CPU
		{75C58C5C-62C9-4EF5-A13C-2C7E3F0743E3}.Release|Any CPU.ActiveCfg = Release|Any CPU
		{75C58C5C-62C9-4EF5-A13C-2C7E3F0743E3}.Release|Any CPU.Build.0 = Release|Any CPU
		{D718B372-27CE-4A0F-ACA9-A468FE105BA6}.Debug|Any CPU.ActiveCfg = Debug|Any CPU
		{D718B372-27CE-4A0F-ACA9-A468FE105BA6}.Debug|Any CPU.Build.0 = Debug|Any CPU
		{D718B372-27CE-4A0F-ACA9-A468FE105BA6}.Release|Any CPU.ActiveCfg = Release|Any CPU
		{D718B372-27CE-4A0F-ACA9-A468FE105BA6}.Release|Any CPU.Build.0 = Release|Any CPU
		{0DDACCAC-FF47-454C-B55D-5D40A067205E}.Debug|Any CPU.ActiveCfg = Debug|Any CPU
		{0DDACCAC-FF47-454C-B55D-5D40A067205E}.Debug|Any CPU.Build.0 = Debug|Any CPU
		{0DDACCAC-FF47-454C-B55D-5D40A067205E}.Release|Any CPU.ActiveCfg = Release|Any CPU
		{0DDACCAC-FF47-454C-B55D-5D40A067205E}.Release|Any CPU.Build.0 = Release|Any CPU
		{CBDC7F7F-B12C-4542-BD36-878919CA41B1}.Debug|Any CPU.ActiveCfg = Debug|Any CPU
		{CBDC7F7F-B12C-4542-BD36-878919CA41B1}.Debug|Any CPU.Build.0 = Debug|Any CPU
		{CBDC7F7F-B12C-4542-BD36-878919CA41B1}.Release|Any CPU.ActiveCfg = Release|Any CPU
		{CBDC7F7F-B12C-4542-BD36-878919CA41B1}.Release|Any CPU.Build.0 = Release|Any CPU
		{3C1AD642-2E05-43B8-B72C-5BE7BED996E4}.Debug|Any CPU.ActiveCfg = Debug|Any CPU
		{3C1AD642-2E05-43B8-B72C-5BE7BED996E4}.Debug|Any CPU.Build.0 = Debug|Any CPU
		{3C1AD642-2E05-43B8-B72C-5BE7BED996E4}.Release|Any CPU.ActiveCfg = Release|Any CPU
		{3C1AD642-2E05-43B8-B72C-5BE7BED996E4}.Release|Any CPU.Build.0 = Release|Any CPU
		{C93F6C21-8233-4B82-9F9A-6706AE205794}.Debug|Any CPU.ActiveCfg = Debug|Any CPU
		{C93F6C21-8233-4B82-9F9A-6706AE205794}.Debug|Any CPU.Build.0 = Debug|Any CPU
		{C93F6C21-8233-4B82-9F9A-6706AE205794}.Release|Any CPU.ActiveCfg = Release|Any CPU
		{C93F6C21-8233-4B82-9F9A-6706AE205794}.Release|Any CPU.Build.0 = Release|Any CPU
		{4945CF66-1AFE-4881-A17F-9E084AC3091D}.Debug|Any CPU.ActiveCfg = Debug|Any CPU
		{4945CF66-1AFE-4881-A17F-9E084AC3091D}.Debug|Any CPU.Build.0 = Debug|Any CPU
		{4945CF66-1AFE-4881-A17F-9E084AC3091D}.Release|Any CPU.ActiveCfg = Release|Any CPU
		{4945CF66-1AFE-4881-A17F-9E084AC3091D}.Release|Any CPU.Build.0 = Release|Any CPU
		{848DDE97-D8D2-4114-8AD6-A8F4EF0A81E9}.Debug|Any CPU.ActiveCfg = Debug|Any CPU
		{848DDE97-D8D2-4114-8AD6-A8F4EF0A81E9}.Debug|Any CPU.Build.0 = Debug|Any CPU
		{848DDE97-D8D2-4114-8AD6-A8F4EF0A81E9}.Release|Any CPU.ActiveCfg = Release|Any CPU
		{848DDE97-D8D2-4114-8AD6-A8F4EF0A81E9}.Release|Any CPU.Build.0 = Release|Any CPU
	EndGlobalSection
	GlobalSection(NestedProjects) = preSolution
		{12D73B52-A2BC-468B-9F8D-0DCFCB5C3028} = {1D4447C9-B73F-4590-AB1D-F9C9834FE738}
		{AB83FBD6-20F7-4734-BA4D-7DE17705DAA3} = {1D4447C9-B73F-4590-AB1D-F9C9834FE738}
		{95890EE9-7B63-40A5-8079-CDEB29BA8F04} = {AB83FBD6-20F7-4734-BA4D-7DE17705DAA3}
		{E2B4A2FB-A17B-47DA-812D-74DCC0C9B978} = {1D4447C9-B73F-4590-AB1D-F9C9834FE738}
		{E69961BE-2220-43B8-B405-1AFBDCE14C15} = {1D4447C9-B73F-4590-AB1D-F9C9834FE738}
		{EB8D38E8-6014-4B9B-AFD0-3A435A37CA81} = {E69961BE-2220-43B8-B405-1AFBDCE14C15}
		{15E2904F-C8BB-46B5-8E51-7AE8E1992C1F} = {AB83FBD6-20F7-4734-BA4D-7DE17705DAA3}
		{AA772898-3481-4882-8F0A-7A799A775DBE} = {1D4447C9-B73F-4590-AB1D-F9C9834FE738}
		{DFACE89C-2850-4AFA-B8C1-11D68BD2A6BB} = {AB83FBD6-20F7-4734-BA4D-7DE17705DAA3}
		{9969985A-E692-4BE5-8F82-28AD61B8BFBE} = {1D4447C9-B73F-4590-AB1D-F9C9834FE738}
		{B012A8D9-FF63-447B-9D63-4E2E63A0B325} = {AB83FBD6-20F7-4734-BA4D-7DE17705DAA3}
		{5D974B3F-9B8D-4579-A712-4DE8ED5EF59F} = {E69961BE-2220-43B8-B405-1AFBDCE14C15}
		{45E0EC6D-77D9-41DF-A836-552225CDCC25} = {E69961BE-2220-43B8-B405-1AFBDCE14C15}
		{2EEC53B7-BDDC-4C2A-994B-4CC3DA28E5DB} = {E69961BE-2220-43B8-B405-1AFBDCE14C15}
		{AD5AA8A6-9A6F-4119-B5DA-1D2DAB79E6AB} = {1D4447C9-B73F-4590-AB1D-F9C9834FE738}
		{59F9D0AA-AC24-47C2-BCA3-37E4A856E6C1} = {AB83FBD6-20F7-4734-BA4D-7DE17705DAA3}
		{1FD50E83-C8FB-4962-9CED-9398A1D407C2} = {AB83FBD6-20F7-4734-BA4D-7DE17705DAA3}
		{8BD463F0-F4F2-4B36-864D-9DD914AB4D47} = {1D4447C9-B73F-4590-AB1D-F9C9834FE738}
		{67EB285F-961C-476D-8048-9F928B3A3578} = {AB83FBD6-20F7-4734-BA4D-7DE17705DAA3}
		{C292C06B-DCED-4B88-9163-69C15E5CD37D} = {1D4447C9-B73F-4590-AB1D-F9C9834FE738}
		{F7882A1E-18A4-4F98-BE06-E3D1F4CFD487} = {1D4447C9-B73F-4590-AB1D-F9C9834FE738}
		{75C58C5C-62C9-4EF5-A13C-2C7E3F0743E3} = {1D4447C9-B73F-4590-AB1D-F9C9834FE738}
		{D718B372-27CE-4A0F-ACA9-A468FE105BA6} = {E69961BE-2220-43B8-B405-1AFBDCE14C15}
		{0DDACCAC-FF47-454C-B55D-5D40A067205E} = {E69961BE-2220-43B8-B405-1AFBDCE14C15}
		{CBDC7F7F-B12C-4542-BD36-878919CA41B1} = {E69961BE-2220-43B8-B405-1AFBDCE14C15}
		{3C1AD642-2E05-43B8-B72C-5BE7BED996E4} = {AB83FBD6-20F7-4734-BA4D-7DE17705DAA3}
		{C93F6C21-8233-4B82-9F9A-6706AE205794} = {AB83FBD6-20F7-4734-BA4D-7DE17705DAA3}
		{4945CF66-1AFE-4881-A17F-9E084AC3091D} = {AB83FBD6-20F7-4734-BA4D-7DE17705DAA3}
		{848DDE97-D8D2-4114-8AD6-A8F4EF0A81E9} = {AB83FBD6-20F7-4734-BA4D-7DE17705DAA3}
	EndGlobalSection
EndGlobal
